
Microsoft Visual Studio Solution File, Format Version 12.00
# Visual Studio Version 17
VisualStudioVersion = 17.10.35013.160
MinimumVisualStudioVersion = 10.0.40219.1
Project("{FAE04EC0-301F-11D3-BF4B-00C04F79EFBC}") = "fitness_hub", "fitness_hub\fitness_hub.csproj", "{84BFD396-0699-433D-86EE-B7260F48E7CE}"
EndProject
Global
	GlobalSection(SolutionConfigurationPlatforms) = preSolution
		Debug|Any CPU = Debug|Any CPU
		Release|Any CPU = Release|Any CPU
	EndGlobalSection
	GlobalSection(ProjectConfigurationPlatforms) = postSolution
		{84BFD396-0699-433D-86EE-B7260F48E7CE}.Debug|Any CPU.ActiveCfg = Debug|Any CPU
		{84BFD396-0699-433D-86EE-B7260F48E7CE}.Debug|Any CPU.Build.0 = Debug|Any CPU
		{84BFD396-0699-433D-86EE-B7260F48E7CE}.Release|Any CPU.ActiveCfg = Release|Any CPU
		{84BFD396-0699-433D-86EE-B7260F48E7CE}.Release|Any CPU.Build.0 = Release|Any CPU
	EndGlobalSection
	GlobalSection(SolutionProperties) = preSolution
		HideSolutionNode = FALSE
	EndGlobalSection
	GlobalSection(ExtensibilityGlobals) = postSolution
		SolutionGuid = {00342C5D-19CD-455B-91B1-5A852652DA91}
	EndGlobalSection
EndGlobal
